
Microsoft Visual Studio Solution File, Format Version 12.00
# Visual Studio Version 17
VisualStudioVersion = 17.4.33110.190
MinimumVisualStudioVersion = 10.0.40219.1
Project("{FAE04EC0-301F-11D3-BF4B-00C04F79EFBC}") = "visit-uzbekistan", "visit-uzbekistan\visit-uzbekistan.csproj", "{D2B47548-AB7F-42D1-8D4E-1C2CD285382A}"
EndProject
Global
	GlobalSection(SolutionConfigurationPlatforms) = preSolution
		Debug|Any CPU = Debug|Any CPU
		Release|Any CPU = Release|Any CPU
	EndGlobalSection
	GlobalSection(ProjectConfigurationPlatforms) = postSolution
		{D2B47548-AB7F-42D1-8D4E-1C2CD285382A}.Debug|Any CPU.ActiveCfg = Debug|Any CPU
		{D2B47548-AB7F-42D1-8D4E-1C2CD285382A}.Debug|Any CPU.Build.0 = Debug|Any CPU
		{D2B47548-AB7F-42D1-8D4E-1C2CD285382A}.Release|Any CPU.ActiveCfg = Release|Any CPU
		{D2B47548-AB7F-42D1-8D4E-1C2CD285382A}.Release|Any CPU.Build.0 = Release|Any CPU
	EndGlobalSection
	GlobalSection(SolutionProperties) = preSolution
		HideSolutionNode = FALSE
	EndGlobalSection
	GlobalSection(ExtensibilityGlobals) = postSolution
		SolutionGuid = {DF801066-9624-49C8-AFAE-BCDA65CBB61C}
	EndGlobalSection
EndGlobal
